
Microsoft Visual Studio Solution File, Format Version 12.00
# Visual Studio Version 16
VisualStudioVersion = 16.0.30804.86
MinimumVisualStudioVersion = 10.0.40219.1
Project("{9A19103F-16F7-4668-BE54-9A1E7A4F7556}") = "Additional", "Additional\Additional.csproj", "{33E6DEA4-EF85-44AE-B326-9552E7653D5D}"
EndProject
Project("{FAE04EC0-301F-11D3-BF4B-00C04F79EFBC}") = "Task1", "Task1\Task1.csproj", "{24EC66C0-5B5B-48A8-902A-A87423B5042B}"
EndProject
Global
	GlobalSection(SolutionConfigurationPlatforms) = preSolution
		Debug|Any CPU = Debug|Any CPU
		Release|Any CPU = Release|Any CPU
	EndGlobalSection
	GlobalSection(ProjectConfigurationPlatforms) = postSolution
		{33E6DEA4-EF85-44AE-B326-9552E7653D5D}.Debug|Any CPU.ActiveCfg = Debug|Any CPU
		{33E6DEA4-EF85-44AE-B326-9552E7653D5D}.Debug|Any CPU.Build.0 = Debug|Any CPU
		{33E6DEA4-EF85-44AE-B326-9552E7653D5D}.Release|Any CPU.ActiveCfg = Release|Any CPU
		{33E6DEA4-EF85-44AE-B326-9552E7653D5D}.Release|Any CPU.Build.0 = Release|Any CPU
		{24EC66C0-5B5B-48A8-902A-A87423B5042B}.Debug|Any CPU.ActiveCfg = Debug|Any CPU
		{24EC66C0-5B5B-48A8-902A-A87423B5042B}.Debug|Any CPU.Build.0 = Debug|Any CPU
		{24EC66C0-5B5B-48A8-902A-A87423B5042B}.Release|Any CPU.ActiveCfg = Release|Any CPU
		{24EC66C0-5B5B-48A8-902A-A87423B5042B}.Release|Any CPU.Build.0 = Release|Any CPU
	EndGlobalSection
	GlobalSection(SolutionProperties) = preSolution
		HideSolutionNode = FALSE
	EndGlobalSection
	GlobalSection(ExtensibilityGlobals) = postSolution
		SolutionGuid = {E08FBB61-5004-4083-95AA-640DC292126C}
	EndGlobalSection
EndGlobal
